<?xml version="1.0" encoding="utf-8"?>
<Project ToolsVersion="4.0" xmlns="http://schemas.microsoft.com/developer/msbuild/2003">
  <ItemGroup>
    <ClCompile Include="src\Dodger.cpp" />
    <ClCompile Include="src\gamestates\MainGameState.cpp">
      <Filter>gamestates</Filter>
    </ClCompile>
    <ClCompile Include="src\objects\Bullets.cpp">
      <Filter>objects</Filter>
    </ClCompile>
    <ClCompile Include="src\gamestates\GameOverState.cpp">
      <Filter>gamestates</Filter>
    </ClCompile>
    <ClCompile Include="src\gamestates\MainMenuState.cpp">
      <Filter>gamestates</Filter>
    </ClCompile>
    <ClCompile Include="src\objects\Borders.cpp">
      <Filter>objects</Filter>
    </ClCompile>
    <ClCompile Include="src\objects\ElasticBorder.cpp">
      <Filter>objects</Filter>
    </ClCompile>
    <ClCompile Include="src\objects\InfectedGrid.cpp">
      <Filter>objects</Filter>
    </ClCompile>
    <ClCompile Include="src\Enemies.cpp" />
    <ClCompile Include="src\Timeline.cpp" />
    <ClCompile Include="src\objects\WarpingGrid.cpp">
      <Filter>objects</Filter>
    </ClCompile>
  </ItemGroup>
  <ItemGroup>
    <ClInclude Include="resource.h" />
    <ClInclude Include="src\Dodger.h" />
    <ClInclude Include="src\Constants.h" />
    <ClInclude Include="src\gamestates\MainGameState.h">
      <Filter>gamestates</Filter>
    </ClInclude>
    <ClInclude Include="src\GameContext.h" />
    <ClInclude Include="src\GameSettings.h" />
    <ClInclude Include="src\objects\Bullets.h">
      <Filter>objects</Filter>
    </ClInclude>
    <ClInclude Include="src\gamestates\GameOverState.h">
      <Filter>gamestates</Filter>
    </ClInclude>
    <ClInclude Include="src\gamestates\MainMenuState.h">
      <Filter>gamestates</Filter>
    </ClInclude>
    <ClInclude Include="src\objects\Borders.h">
      <Filter>objects</Filter>
    </ClInclude>
    <ClInclude Include="src\objects\ElasticBorder.h">
      <Filter>objects</Filter>
    </ClInclude>
    <ClInclude Include="src\objects\InfectedGrid.h">
      <Filter>objects</Filter>
    </ClInclude>
    <ClInclude Include="src\Enemies.h" />
    <ClInclude Include="src\Timeline.h" />
    <ClInclude Include="src\objects\WarpingGrid.h">
      <Filter>objects</Filter>
    </ClInclude>
  </ItemGroup>
  <ItemGroup>
    <None Include="Dodger.manifest" />
    <None Include="README.md" />
    <None Include="TODO.md" />
    <None Include="content\engine_settings.json">
      <Filter>content</Filter>
    </None>
    <None Include="content\dialogs\credits.json">
      <Filter>content\dialogs</Filter>
    </None>
    <None Include="content\dialogs\GameOver.json">
      <Filter>content\dialogs</Filter>
    </None>
    <None Include="content\dialogs\Highscores.json">
      <Filter>content\dialogs</Filter>
    </None>
    <None Include="content\dialogs\HUD.json">
      <Filter>content\dialogs</Filter>
    </None>
    <None Include="content\dialogs\MainMenu.json">
      <Filter>content\dialogs</Filter>
    </None>
    <None Include="content\particles\ball_explosion.json">
      <Filter>content\particles</Filter>
    </None>
    <None Include="content\particles\big_cube_explosion.json">
      <Filter>content\particles</Filter>
    </None>
    <None Include="content\particles\bomb_explosion.json">
      <Filter>content\particles</Filter>
    </None>
    <None Include="content\particles\particlesystems.json">
      <Filter>content\particles</Filter>
    </None>
    <None Include="content\particles\player_explosion.json">
      <Filter>content\particles</Filter>
    </None>
    <None Include="content\particles\player_trail.json">
      <Filter>content\particles</Filter>
    </None>
    <None Include="content\resources\sprite_templates.json">
      <Filter>content\resources</Filter>
    </None>
    <None Include="content\game_settings.json">
      <Filter>content</Filter>
    </None>
    <None Include="content\particles\bomb_debris.json">
      <Filter>content\particles</Filter>
    </None>
    <None Include="content\particles\bomb_appearance.json">
      <Filter>content\particles</Filter>
    </None>
    <None Include="content\resources.json">
      <Filter>content</Filter>
    </None>
    <None Include="content\resources\game_objects.json">
      <Filter>content\resources</Filter>
    </None>
    <None Include="content\resources\levels.json">
      <Filter>content\resources</Filter>
    </None>
    <None Include="content\particles\bomb_ring_explosion.json">
      <Filter>content\particles</Filter>
    </None>
    <None Include="content\particles\cube_appearance.json" />
    <None Include="content\resources\asteroid_levels.json">
      <Filter>content\resources</Filter>
    </None>
    <None Include="content\resources\asteroids.json">
      <Filter>content\resources</Filter>
    </None>
    <None Include="content\particles\enemy_appearance.json">
      <Filter>content\particles</Filter>
    </None>
  </ItemGroup>
  <ItemGroup>
    <ResourceCompile Include="Dodger.rc" />
  </ItemGroup>
  <ItemGroup>
    <Filter Include="content">
      <UniqueIdentifier>{4a853b84-df3f-4e5a-a59f-89ca58cbcf13}</UniqueIdentifier>
    </Filter>
    <Filter Include="content\resources">
      <UniqueIdentifier>{95012cbc-fece-49e2-bad1-9224e063cb52}</UniqueIdentifier>
    </Filter>
    <Filter Include="gamestates">
      <UniqueIdentifier>{ce1e6b82-5b7d-4f8b-ac80-8c3494d32b4f}</UniqueIdentifier>
    </Filter>
    <Filter Include="content\dialogs">
      <UniqueIdentifier>{737affd4-15f5-4960-acb2-a51b81da8eef}</UniqueIdentifier>
    </Filter>
    <Filter Include="content\particles">
      <UniqueIdentifier>{14b057e9-2797-4cc1-ad83-f4a130ff52b0}</UniqueIdentifier>
    </Filter>
    <Filter Include="objects">
      <UniqueIdentifier>{0aa8c48c-6919-4804-9637-dac155ac0137}</UniqueIdentifier>
    </Filter>
  </ItemGroup>
</Project>